
Microsoft Visual Studio Solution File, Format Version 12.00
# Visual Studio 15
Project("{FAE04EC0-301F-11D3-BF4B-00C04F79EFBC}") = "Assembly-CSharp", "Assembly-CSharp.csproj", "{917656CF-2685-EC98-45A4-C301F09C124A}"
EndProject
Project("{FAE04EC0-301F-11D3-BF4B-00C04F79EFBC}") = "Assembly-CSharp-Editor", "Assembly-CSharp-Editor.csproj", "{FE8F0604-D5A3-7102-0961-CD14CD804D54}"
EndProject
Global
	GlobalSection(SolutionConfigurationPlatforms) = preSolution
		Debug|Any CPU = Debug|Any CPU
		Release|Any CPU = Release|Any CPU
	EndGlobalSection
	GlobalSection(ProjectConfigurationPlatforms) = postSolution
		{917656CF-2685-EC98-45A4-C301F09C124A}.Debug|Any CPU.ActiveCfg = Debug|Any CPU
		{917656CF-2685-EC98-45A4-C301F09C124A}.Debug|Any CPU.Build.0 = Debug|Any CPU
		{917656CF-2685-EC98-45A4-C301F09C124A}.Release|Any CPU.ActiveCfg = Release|Any CPU
		{917656CF-2685-EC98-45A4-C301F09C124A}.Release|Any CPU.Build.0 = Release|Any CPU
		{FE8F0604-D5A3-7102-0961-CD14CD804D54}.Debug|Any CPU.ActiveCfg = Debug|Any CPU
		{FE8F0604-D5A3-7102-0961-CD14CD804D54}.Debug|Any CPU.Build.0 = Debug|Any CPU
		{FE8F0604-D5A3-7102-0961-CD14CD804D54}.Release|Any CPU.ActiveCfg = Release|Any CPU
		{FE8F0604-D5A3-7102-0961-CD14CD804D54}.Release|Any CPU.Build.0 = Release|Any CPU
	EndGlobalSection
	GlobalSection(SolutionProperties) = preSolution
		HideSolutionNode = FALSE
	EndGlobalSection
EndGlobal
